// !$*UTF8*$!
{
	archiveVersion = 1;
	classes = {
	};
	objectVersion = 46;
	objects = {

/* Begin PBXBuildFile section */
		5F44AC521B27F83200F280E9 /* AppDelegate.swift in Sources */ = {isa = PBXBuildFile; fileRef = 5F44AC511B27F83200F280E9 /* AppDelegate.swift */; };
		5F44AC551B27F83200F280E9 /* Listicle.xcdatamodeld in Sources */ = {isa = PBXBuildFile; fileRef = 5F44AC531B27F83200F280E9 /* Listicle.xcdatamodeld */; };
		5F44AC571B27F83200F280E9 /* ViewController.swift in Sources */ = {isa = PBXBuildFile; fileRef = 5F44AC561B27F83200F280E9 /* ViewController.swift */; };
		5F44AC5A1B27F83300F280E9 /* Main.storyboard in Resources */ = {isa = PBXBuildFile; fileRef = 5F44AC581B27F83300F280E9 /* Main.storyboard */; };
		5F44AC5C1B27F83300F280E9 /* Images.xcassets in Resources */ = {isa = PBXBuildFile; fileRef = 5F44AC5B1B27F83300F280E9 /* Images.xcassets */; };
		5F44AC5F1B27F83300F280E9 /* LaunchScreen.xib in Resources */ = {isa = PBXBuildFile; fileRef = 5F44AC5D1B27F83300F280E9 /* LaunchScreen.xib */; };
		5F44AC6B1B27F83300F280E9 /* ListicleTests.swift in Sources */ = {isa = PBXBuildFile; fileRef = 5F44AC6A1B27F83300F280E9 /* ListicleTests.swift */; };
/* End PBXBuildFile section */

/* Begin PBXContainerItemProxy section */
		5F44AC651B27F83300F280E9 /* PBXContainerItemProxy */ = {
			isa = PBXContainerItemProxy;
			containerPortal = 5F44AC441B27F83200F280E9 /* Project object */;
			proxyType = 1;
			remoteGlobalIDString = 5F44AC4B1B27F83200F280E9;
			remoteInfo = Listicle;
		};
/* End PBXContainerItemProxy section */

/* Begin PBXFileReference section */
		5F44AC4C1B27F83200F280E9 /* Listicle.app */ = {isa = PBXFileReference; explicitFileType = wrapper.application; includeInIndex = 0; path = Listicle.app; sourceTree = BUILT_PRODUCTS_DIR; };
		5F44AC501B27F83200F280E9 /* Info.plist */ = {isa = PBXFileReference; lastKnownFileType = text.plist.xml; path = Info.plist; sourceTree = "<group>"; };
		5F44AC511B27F83200F280E9 /* AppDelegate.swift */ = {isa = PBXFileReference; lastKnownFileType = sourcecode.swift; path = AppDelegate.swift; sourceTree = "<group>"; };
		5F44AC541B27F83200F280E9 /* Listicle.xcdatamodel */ = {isa = PBXFileReference; lastKnownFileType = wrapper.xcdatamodel; path = Listicle.xcdatamodel; sourceTree = "<group>"; };
		5F44AC561B27F83200F280E9 /* ViewController.swift */ = {isa = PBXFileReference; lastKnownFileType = sourcecode.swift; path = ViewController.swift; sourceTree = "<group>"; };
		5F44AC591B27F83300F280E9 /* Base */ = {isa = PBXFileReference; lastKnownFileType = file.storyboard; name = Base; path = Base.lproj/Main.storyboard; sourceTree = "<group>"; };
		5F44AC5B1B27F83300F280E9 /* Images.xcassets */ = {isa = PBXFileReference; lastKnownFileType = folder.assetcatalog; path = Images.xcassets; sourceTree = "<group>"; };
		5F44AC5E1B27F83300F280E9 /* Base */ = {isa = PBXFileReference; lastKnownFileType = file.xib; name = Base; path = Base.lproj/LaunchScreen.xib; sourceTree = "<group>"; };
		5F44AC641B27F83300F280E9 /* ListicleTests.xctest */ = {isa = PBXFileReference; explicitFileType = wrapper.cfbundle; includeInIndex = 0; path = ListicleTests.xctest; sourceTree = BUILT_PRODUCTS_DIR; };
		5F44AC691B27F83300F280E9 /* Info.plist */ = {isa = PBXFileReference; lastKnownFileType = text.plist.xml; path = Info.plist; sourceTree = "<group>"; };
		5F44AC6A1B27F83300F280E9 /* ListicleTests.swift */ = {isa = PBXFileReference; lastKnownFileType = sourcecode.swift; path = ListicleTests.swift; sourceTree = "<group>"; };
/* End PBXFileReference section */

/* Begin PBXFrameworksBuildPhase section */
		5F44AC491B27F83200F280E9 /* Frameworks */ = {
			isa = PBXFrameworksBuildPhase;
			buildActionMask = 2147483647;
			files = (
			);
			runOnlyForDeploymentPostprocessing = 0;
		};
		5F44AC611B27F83300F280E9 /* Frameworks */ = {
			isa = PBXFrameworksBuildPhase;
			buildActionMask = 2147483647;
			files = (
			);
			runOnlyForDeploymentPostprocessing = 0;
		};
/* End PBXFrameworksBuildPhase section */

/* Begin PBXGroup section */
		5F44AC431B27F83100F280E9 = {
			isa = PBXGroup;
			children = (
				5F44AC4E1B27F83200F280E9 /* Listicle */,
				5F44AC671B27F83300F280E9 /* ListicleTests */,
				5F44AC4D1B27F83200F280E9 /* Products */,
			);
			sourceTree = "<group>";
		};
		5F44AC4D1B27F83200F280E9 /* Products */ = {
			isa = PBXGroup;
			children = (
				5F44AC4C1B27F83200F280E9 /* Listicle.app */,
				5F44AC641B27F83300F280E9 /* ListicleTests.xctest */,
			);
			name = Products;
			sourceTree = "<group>";
		};
		5F44AC4E1B27F83200F280E9 /* Listicle */ = {
			isa = PBXGroup;
			children = (
				5F44AC511B27F83200F280E9 /* AppDelegate.swift */,
				5F44AC561B27F83200F280E9 /* ViewController.swift */,
				5F44AC581B27F83300F280E9 /* Main.storyboard */,
				5F44AC5B1B27F83300F280E9 /* Images.xcassets */,
				5F44AC5D1B27F83300F280E9 /* LaunchScreen.xib */,
				5F44AC531B27F83200F280E9 /* Listicle.xcdatamodeld */,
				5F44AC4F1B27F83200F280E9 /* Supporting Files */,
			);
			path = Listicle;
			sourceTree = "<group>";
		};
		5F44AC4F1B27F83200F280E9 /* Supporting Files */ = {
			isa = PBXGroup;
			children = (
				5F44AC501B27F83200F280E9 /* Info.plist */,
			);
			name = "Supporting Files";
			sourceTree = "<group>";
		};
		5F44AC671B27F83300F280E9 /* ListicleTests */ = {
			isa = PBXGroup;
			children = (
				5F44AC6A1B27F83300F280E9 /* ListicleTests.swift */,
				5F44AC681B27F83300F280E9 /* Supporting Files */,
			);
			path = ListicleTests;
			sourceTree = "<group>";
		};
		5F44AC681B27F83300F280E9 /* Supporting Files */ = {
			isa = PBXGroup;
			children = (
				5F44AC691B27F83300F280E9 /* Info.plist */,
			);
			name = "Supporting Files";
			sourceTree = "<group>";
		};
/* End PBXGroup section */

/* Begin PBXNativeTarget section */
		5F44AC4B1B27F83200F280E9 /* Listicle */ = {
			isa = PBXNativeTarget;
			buildConfigurationList = 5F44AC6E1B27F83300F280E9 /* Build configuration list for PBXNativeTarget "Listicle" */;
			buildPhases = (
				5F44AC481B27F83200F280E9 /* Sources */,
				5F44AC491B27F83200F280E9 /* Frameworks */,
				5F44AC4A1B27F83200F280E9 /* Resources */,
			);
			buildRules = (
			);
			dependencies = (
			);
			name = Listicle;
			productName = Listicle;
			productReference = 5F44AC4C1B27F83200F280E9 /* Listicle.app */;
			productType = "com.apple.product-type.application";
		};
		5F44AC631B27F83300F280E9 /* ListicleTests */ = {
			isa = PBXNativeTarget;
			buildConfigurationList = 5F44AC711B27F83300F280E9 /* Build configuration list for PBXNativeTarget "ListicleTests" */;
			buildPhases = (
				5F44AC601B27F83300F280E9 /* Sources */,
				5F44AC611B27F83300F280E9 /* Frameworks */,
				5F44AC621B27F83300F280E9 /* Resources */,
			);
			buildRules = (
			);
			dependencies = (
				5F44AC661B27F83300F280E9 /* PBXTargetDependency */,
			);
			name = ListicleTests;
			productName = ListicleTests;
			productReference = 5F44AC641B27F83300F280E9 /* ListicleTests.xctest */;
			productType = "com.apple.product-type.bundle.unit-test";
		};
/* End PBXNativeTarget section */

/* Begin PBXProject section */
		5F44AC441B27F83200F280E9 /* Project object */ = {
			isa = PBXProject;
			attributes = {
				LastUpgradeCheck = 0630;
				ORGANIZATIONNAME = Echessa;
				TargetAttributes = {
					5F44AC4B1B27F83200F280E9 = {
						CreatedOnToolsVersion = 6.3.1;
					};
					5F44AC631B27F83300F280E9 = {
						CreatedOnToolsVersion = 6.3.1;
						TestTargetID = 5F44AC4B1B27F83200F280E9;
					};
				};
			};
			buildConfigurationList = 5F44AC471B27F83200F280E9 /* Build configuration list for PBXProject "Listicle" */;
			compatibilityVersion = "Xcode 3.2";
			developmentRegion = English;
			hasScannedForEncodings = 0;
			knownRegions = (
				en,
				Base,
			);
			mainGroup = 5F44AC431B27F83100F280E9;
			productRefGroup = 5F44AC4D1B27F83200F280E9 /* Products */;
			projectDirPath = "";
			projectRoot = "";
			targets = (
				5F44AC4B1B27F83200F280E9 /* Listicle */,
				5F44AC631B27F83300F280E9 /* ListicleTests */,
			);
		};
/* End PBXProject section */

/* Begin PBXResourcesBuildPhase section */
		5F44AC4A1B27F83200F280E9 /* Resources */ = {
			isa = PBXResourcesBuildPhase;
			buildActionMask = 2147483647;
			files = (
				5F44AC5A1B27F83300F280E9 /* Main.storyboard in Resources */,
				5F44AC5F1B27F83300F280E9 /* LaunchScreen.xib in Resources */,
				5F44AC5C1B27F83300F280E9 /* Images.xcassets in Resources */,
			);
			runOnlyForDeploymentPostprocessing = 0;
		};
		5F44AC621B27F83300F280E9 /* Resources */ = {
			isa = PBXResourcesBuildPhase;
			buildActionMask = 2147483647;
			files = (
			);
			runOnlyForDeploymentPostprocessing = 0;
		};
/* End PBXResourcesBuildPhase section */

/* Begin PBXSourcesBuildPhase section */
		5F44AC481B27F83200F280E9 /* Sources */ = {
			isa = PBXSourcesBuildPhase;
			buildActionMask = 2147483647;
			files = (
				5F44AC571B27F83200F280E9 /* ViewController.swift in Sources */,
				5F44AC551B27F83200F280E9 /* Listicle.xcdatamodeld in Sources */,
				5F44AC521B27F83200F280E9 /* AppDelegate.swift in Sources */,
			);
			runOnlyForDeploymentPostprocessing = 0;
		};
		5F44AC601B27F83300F280E9 /* Sources */ = {
			isa = PBXSourcesBuildPhase;
			buildActionMask = 2147483647;
			files = (
				5F44AC6B1B27F83300F280E9 /* ListicleTests.swift in Sources */,
			);
			runOnlyForDeploymentPostprocessing = 0;
		};
/* End PBXSourcesBuildPhase section */

/* Begin PBXTargetDependency section */
		5F44AC661B27F83300F280E9 /* PBXTargetDependency */ = {
			isa = PBXTargetDependency;
			target = 5F44AC4B1B27F83200F280E9 /* Listicle */;
			targetProxy = 5F44AC651B27F83300F280E9 /* PBXContainerItemProxy */;
		};
/* End PBXTargetDependency section */

/* Begin PBXVariantGroup section */
		5F44AC581B27F83300F280E9 /* Main.storyboard */ = {
			isa = PBXVariantGroup;
			children = (
				5F44AC591B27F83300F280E9 /* Base */,
			);
			name = Main.storyboard;
			sourceTree = "<group>";
		};
		5F44AC5D1B27F83300F280E9 /* LaunchScreen.xib */ = {
			isa = PBXVariantGroup;
			children = (
				5F44AC5E1B27F83300F280E9 /* Base */,
			);
			name = LaunchScreen.xib;
			sourceTree = "<group>";
		};
/* End PBXVariantGroup section */

/* Begin XCBuildConfiguration section */
		5F44AC6C1B27F83300F280E9 /* Debug */ = {
			isa = XCBuildConfiguration;
			buildSettings = {
				ALWAYS_SEARCH_USER_PATHS = NO;
				CLANG_CXX_LANGUAGE_STANDARD = "gnu++0x";
				CLANG_CXX_LIBRARY = "libc++";
				CLANG_ENABLE_MODULES = YES;
				CLANG_ENABLE_OBJC_ARC = YES;
				CLANG_WARN_BOOL_CONVERSION = YES;
				CLANG_WARN_CONSTANT_CONVERSION = YES;
				CLANG_WARN_DIRECT_OBJC_ISA_USAGE = YES_ERROR;
				CLANG_WARN_EMPTY_BODY = YES;
				CLANG_WARN_ENUM_CONVERSION = YES;
				CLANG_WARN_INT_CONVERSION = YES;
				CLANG_WARN_OBJC_ROOT_CLASS = YES_ERROR;
				CLANG_WARN_UNREACHABLE_CODE = YES;
				CLANG_WARN__DUPLICATE_METHOD_MATCH = YES;
				"CODE_SIGN_IDENTITY[sdk=iphoneos*]" = "iPhone Developer";
				COPY_PHASE_STRIP = NO;
				DEBUG_INFORMATION_FORMAT = "dwarf-with-dsym";
				ENABLE_STRICT_OBJC_MSGSEND = YES;
				GCC_C_LANGUAGE_STANDARD = gnu99;
				GCC_DYNAMIC_NO_PIC = NO;
				GCC_NO_COMMON_BLOCKS = YES;
				GCC_OPTIMIZATION_LEVEL = 0;
				GCC_PREPROCESSOR_DEFINITIONS = (
					"DEBUG=1",
					"$(inherited)",
				);
				GCC_SYMBOLS_PRIVATE_EXTERN = NO;
				GCC_WARN_64_TO_32_BIT_CONVERSION = YES;
				GCC_WARN_ABOUT_RETURN_TYPE = YES_ERROR;
				GCC_WARN_UNDECLARED_SELECTOR = YES;
				GCC_WARN_UNINITIALIZED_AUTOS = YES_AGGRESSIVE;
				GCC_WARN_UNUSED_FUNCTION = YES;
				GCC_WARN_UNUSED_VARIABLE = YES;
				IPHONEOS_DEPLOYMENT_TARGET = 8.3;
				MTL_ENABLE_DEBUG_INFO = YES;
				ONLY_ACTIVE_ARCH = YES;
				SDKROOT = iphoneos;
				SWIFT_OPTIMIZATION_LEVEL = "-Onone";
				TARGETED_DEVICE_FAMILY = "1,2";
			};
			name = Debug;
		};
		5F44AC6D1B27F83300F280E9 /* Release */ = {
			isa = XCBuildConfiguration;
			buildSettings = {
				ALWAYS_SEARCH_USER_PATHS = NO;
				CLANG_CXX_LANGUAGE_STANDARD = "gnu++0x";
				CLANG_CXX_LIBRARY = "libc++";
				CLANG_ENABLE_MODULES = YES;
				CLANG_ENABLE_OBJC_ARC = YES;
				CLANG_WARN_BOOL_CONVERSION = YES;
				CLANG_WARN_CONSTANT_CONVERSION = YES;
				CLANG_WARN_DIRECT_OBJC_ISA_USAGE = YES_ERROR;
				CLANG_WARN_EMPTY_BODY = YES;
				CLANG_WARN_ENUM_CONVERSION = YES;
				CLANG_WARN_INT_CONVERSION = YES;
				CLANG_WARN_OBJC_ROOT_CLASS = YES_ERROR;
				CLANG_WARN_UNREACHABLE_CODE = YES;
				CLANG_WARN__DUPLICATE_METHOD_MATCH = YES;
				"CODE_SIGN_IDENTITY[sdk=iphoneos*]" = "iPhone Developer";
				COPY_PHASE_STRIP = NO;
				DEBUG_INFORMATION_FORMAT = "dwarf-with-dsym";
				ENABLE_NS_ASSERTIONS = NO;
				ENABLE_STRICT_OBJC_MSGSEND = YES;
				GCC_C_LANGUAGE_STANDARD = gnu99;
				GCC_NO_COMMON_BLOCKS = YES;
				GCC_WARN_64_TO_32_BIT_CONVERSION = YES;
				GCC_WARN_ABOUT_RETURN_TYPE = YES_ERROR;
				GCC_WARN_UNDECLARED_SELECTOR = YES;
				GCC_WARN_UNINITIALIZED_AUTOS = YES_AGGRESSIVE;
				GCC_WARN_UNUSED_FUNCTION = YES;
				GCC_WARN_UNUSED_VARIABLE = YES;
				IPHONEOS_DEPLOYMENT_TARGET = 8.3;
				MTL_ENABLE_DEBUG_INFO = NO;
				SDKROOT = iphoneos;
				TARGETED_DEVICE_FAMILY = "1,2";
				VALIDATE_PRODUCT = YES;
			};
			name = Release;
		};
		5F44AC6F1B27F83300F280E9 /* Debug */ = {
			isa = XCBuildConfiguration;
			buildSettings = {
				ASSETCATALOG_COMPILER_APPICON_NAME = AppIcon;
				INFOPLIST_FILE = Listicle/Info.plist;
				LD_RUNPATH_SEARCH_PATHS = "$(inherited) @executable_path/Frameworks";
				PRODUCT_NAME = "$(TARGET_NAME)";
			};
			name = Debug;
		};
		5F44AC701B27F83300F280E9 /* Release */ = {
			isa = XCBuildConfiguration;
			buildSettings = {
				ASSETCATALOG_COMPILER_APPICON_NAME = AppIcon;
				INFOPLIST_FILE = Listicle/Info.plist;
				LD_RUNPATH_SEARCH_PATHS = "$(inherited) @executable_path/Frameworks";
				PRODUCT_NAME = "$(TARGET_NAME)";
			};
			name = Release;
		};
		5F44AC721B27F83300F280E9 /* Debug */ = {
			isa = XCBuildConfiguration;
			buildSettings = {
				BUNDLE_LOADER = "$(TEST_HOST)";
				FRAMEWORK_SEARCH_PATHS = (
					"$(SDKROOT)/Developer/Library/Frameworks",
					"$(inherited)",
				);
				GCC_PREPROCESSOR_DEFINITIONS = (
					"DEBUG=1",
					"$(inherited)",
				);
				INFOPLIST_FILE = ListicleTests/Info.plist;
				LD_RUNPATH_SEARCH_PATHS = "$(inherited) @executable_path/Frameworks @loader_path/Frameworks";
				PRODUCT_NAME = "$(TARGET_NAME)";
				TEST_HOST = "$(BUILT_PRODUCTS_DIR)/Listicle.app/Listicle";
			};
			name = Debug;
		};
		5F44AC731B27F83300F280E9 /* Release */ = {
			isa = XCBuildConfiguration;
			buildSettings = {
				BUNDLE_LOADER = "$(TEST_HOST)";
				FRAMEWORK_SEARCH_PATHS = (
					"$(SDKROOT)/Developer/Library/Frameworks",
					"$(inherited)",
				);
				INFOPLIST_FILE = ListicleTests/Info.plist;
				LD_RUNPATH_SEARCH_PATHS = "$(inherited) @executable_path/Frameworks @loader_path/Frameworks";
				PRODUCT_NAME = "$(TARGET_NAME)";
				TEST_HOST = "$(BUILT_PRODUCTS_DIR)/Listicle.app/Listicle";
			};
			name = Release;
		};
/* End XCBuildConfiguration section */

/* Begin XCConfigurationList section */
		5F44AC471B27F83200F280E9 /* Build configuration list for PBXProject "Listicle" */ = {
			isa = XCConfigurationList;
			buildConfigurations = (
				5F44AC6C1B27F83300F280E9 /* Debug */,
				5F44AC6D1B27F83300F280E9 /* Release */,
			);
			defaultConfigurationIsVisible = 0;
			defaultConfigurationName = Release;
		};
		5F44AC6E1B27F83300F280E9 /* Build configuration list for PBXNativeTarget "Listicle" */ = {
			isa = XCConfigurationList;
			buildConfigurations = (
				5F44AC6F1B27F83300F280E9 /* Debug */,
				5F44AC701B27F83300F280E9 /* Release */,
			);
			defaultConfigurationIsVisible = 0;
		};
		5F44AC711B27F83300F280E9 /* Build configuration list for PBXNativeTarget "ListicleTests" */ = {
			isa = XCConfigurationList;
			buildConfigurations = (
				5F44AC721B27F83300F280E9 /* Debug */,
				5F44AC731B27F83300F280E9 /* Release */,
			);
			defaultConfigurationIsVisible = 0;
		};
/* End XCConfigurationList section */

/* Begin XCVersionGroup section */
		5F44AC531B27F83200F280E9 /* Listicle.xcdatamodeld */ = {
			isa = XCVersionGroup;
			children = (
				5F44AC541B27F83200F280E9 /* Listicle.xcdatamodel */,
			);
			currentVersion = 5F44AC541B27F83200F280E9 /* Listicle.xcdatamodel */;
			path = Listicle.xcdatamodeld;
			sourceTree = "<group>";
			versionGroupType = wrapper.xcdatamodel;
		};
/* End XCVersionGroup section */
	};
	rootObject = 5F44AC441B27F83200F280E9 /* Project object */;
}
